// !$*UTF8*$!
{
	archiveVersion = 1;
	classes = {
	};
	objectVersion = 50;
	objects = {

/* Begin PBXBuildFile section */
		9BB33AB522C6D710007B55D1 /* AppDelegate.swift in Sources */ = {isa = PBXBuildFile; fileRef = 9BB33AB422C6D710007B55D1 /* AppDelegate.swift */; };
		9BB33ABA22C6D710007B55D1 /* Main.storyboard in Resources */ = {isa = PBXBuildFile; fileRef = 9BB33AB822C6D710007B55D1 /* Main.storyboard */; };
		9BB33ABC22C6D712007B55D1 /* Assets.xcassets in Resources */ = {isa = PBXBuildFile; fileRef = 9BB33ABB22C6D712007B55D1 /* Assets.xcassets */; };
		9BB33ABF22C6D712007B55D1 /* LaunchScreen.storyboard in Resources */ = {isa = PBXBuildFile; fileRef = 9BB33ABD22C6D712007B55D1 /* LaunchScreen.storyboard */; };
		9BB33AC722C6D75F007B55D1 /* HomeViewController.swift in Sources */ = {isa = PBXBuildFile; fileRef = 9BB33AC622C6D75F007B55D1 /* HomeViewController.swift */; };
		9BB33AC922C6DC48007B55D1 /* UserViewController.swift in Sources */ = {isa = PBXBuildFile; fileRef = 9BB33AC822C6DC48007B55D1 /* UserViewController.swift */; };
		9BB33ACB22C6E111007B55D1 /* LoginViewController.swift in Sources */ = {isa = PBXBuildFile; fileRef = 9BB33ACA22C6E111007B55D1 /* LoginViewController.swift */; };
		9BB33ACD22C6F0C8007B55D1 /* StudentViewController.swift in Sources */ = {isa = PBXBuildFile; fileRef = 9BB33ACC22C6F0C8007B55D1 /* StudentViewController.swift */; };
/* End PBXBuildFile section */

/* Begin PBXFileReference section */
		9BB33AB122C6D710007B55D1 /* CelebrityFanIos.app */ = {isa = PBXFileReference; explicitFileType = wrapper.application; includeInIndex = 0; path = CelebrityFanIos.app; sourceTree = BUILT_PRODUCTS_DIR; };
		9BB33AB422C6D710007B55D1 /* AppDelegate.swift */ = {isa = PBXFileReference; lastKnownFileType = sourcecode.swift; path = AppDelegate.swift; sourceTree = "<group>"; };
		9BB33AB922C6D710007B55D1 /* Base */ = {isa = PBXFileReference; lastKnownFileType = file.storyboard; name = Base; path = Base.lproj/Main.storyboard; sourceTree = "<group>"; };
		9BB33ABB22C6D712007B55D1 /* Assets.xcassets */ = {isa = PBXFileReference; lastKnownFileType = folder.assetcatalog; path = Assets.xcassets; sourceTree = "<group>"; };
		9BB33ABE22C6D712007B55D1 /* Base */ = {isa = PBXFileReference; lastKnownFileType = file.storyboard; name = Base; path = Base.lproj/LaunchScreen.storyboard; sourceTree = "<group>"; };
		9BB33AC022C6D712007B55D1 /* Info.plist */ = {isa = PBXFileReference; lastKnownFileType = text.plist.xml; path = Info.plist; sourceTree = "<group>"; };
		9BB33AC622C6D75F007B55D1 /* HomeViewController.swift */ = {isa = PBXFileReference; lastKnownFileType = sourcecode.swift; path = HomeViewController.swift; sourceTree = "<group>"; };
		9BB33AC822C6DC48007B55D1 /* UserViewController.swift */ = {isa = PBXFileReference; lastKnownFileType = sourcecode.swift; path = UserViewController.swift; sourceTree = "<group>"; };
		9BB33ACA22C6E111007B55D1 /* LoginViewController.swift */ = {isa = PBXFileReference; lastKnownFileType = sourcecode.swift; path = LoginViewController.swift; sourceTree = "<group>"; };
		9BB33ACC22C6F0C8007B55D1 /* StudentViewController.swift */ = {isa = PBXFileReference; lastKnownFileType = sourcecode.swift; path = StudentViewController.swift; sourceTree = "<group>"; };
/* End PBXFileReference section */

/* Begin PBXFrameworksBuildPhase section */
		9BB33AAE22C6D710007B55D1 /* Frameworks */ = {
			isa = PBXFrameworksBuildPhase;
			buildActionMask = 2147483647;
			files = (
			);
			runOnlyForDeploymentPostprocessing = 0;
		};
/* End PBXFrameworksBuildPhase section */

/* Begin PBXGroup section */
		9BB33AA822C6D710007B55D1 = {
			isa = PBXGroup;
			children = (
				9BB33AB322C6D710007B55D1 /* CelebrityFanIos */,
				9BB33AB222C6D710007B55D1 /* Products */,
			);
			sourceTree = "<group>";
		};
		9BB33AB222C6D710007B55D1 /* Products */ = {
			isa = PBXGroup;
			children = (
				9BB33AB122C6D710007B55D1 /* CelebrityFanIos.app */,
			);
			name = Products;
			sourceTree = "<group>";
		};
		9BB33AB322C6D710007B55D1 /* CelebrityFanIos */ = {
			isa = PBXGroup;
			children = (
				9BB33AB422C6D710007B55D1 /* AppDelegate.swift */,
				9BB33AB822C6D710007B55D1 /* Main.storyboard */,
				9BB33ABB22C6D712007B55D1 /* Assets.xcassets */,
				9BB33ABD22C6D712007B55D1 /* LaunchScreen.storyboard */,
				9BB33AC022C6D712007B55D1 /* Info.plist */,
				9BB33AC622C6D75F007B55D1 /* HomeViewController.swift */,
				9BB33AC822C6DC48007B55D1 /* UserViewController.swift */,
				9BB33ACA22C6E111007B55D1 /* LoginViewController.swift */,
				9BB33ACC22C6F0C8007B55D1 /* StudentViewController.swift */,
			);
			path = CelebrityFanIos;
			sourceTree = "<group>";
		};
/* End PBXGroup section */

/* Begin PBXNativeTarget section */
		9BB33AB022C6D710007B55D1 /* CelebrityFanIos */ = {
			isa = PBXNativeTarget;
			buildConfigurationList = 9BB33AC322C6D712007B55D1 /* Build configuration list for PBXNativeTarget "CelebrityFanIos" */;
			buildPhases = (
				9BB33AAD22C6D710007B55D1 /* Sources */,
				9BB33AAE22C6D710007B55D1 /* Frameworks */,
				9BB33AAF22C6D710007B55D1 /* Resources */,
			);
			buildRules = (
			);
			dependencies = (
			);
			name = CelebrityFanIos;
			productName = CelebrityFanIos;
			productReference = 9BB33AB122C6D710007B55D1 /* CelebrityFanIos.app */;
			productType = "com.apple.product-type.application";
		};
/* End PBXNativeTarget section */

/* Begin PBXProject section */
		9BB33AA922C6D710007B55D1 /* Project object */ = {
			isa = PBXProject;
			attributes = {
				LastSwiftUpdateCheck = 1020;
				LastUpgradeCheck = 1020;
				ORGANIZATIONNAME = MacStudent;
				TargetAttributes = {
					9BB33AB022C6D710007B55D1 = {
						CreatedOnToolsVersion = 10.2.1;
					};
				};
			};
			buildConfigurationList = 9BB33AAC22C6D710007B55D1 /* Build configuration list for PBXProject "CelebrityFanIos" */;
			compatibilityVersion = "Xcode 9.3";
			developmentRegion = en;
			hasScannedForEncodings = 0;
			knownRegions = (
				en,
				Base,
			);
			mainGroup = 9BB33AA822C6D710007B55D1;
			productRefGroup = 9BB33AB222C6D710007B55D1 /* Products */;
			projectDirPath = "";
			projectRoot = "";
			targets = (
				9BB33AB022C6D710007B55D1 /* CelebrityFanIos */,
			);
		};
/* End PBXProject section */

/* Begin PBXResourcesBuildPhase section */
		9BB33AAF22C6D710007B55D1 /* Resources */ = {
			isa = PBXResourcesBuildPhase;
			buildActionMask = 2147483647;
			files = (
				9BB33ABF22C6D712007B55D1 /* LaunchScreen.storyboard in Resources */,
				9BB33ABC22C6D712007B55D1 /* Assets.xcassets in Resources */,
				9BB33ABA22C6D710007B55D1 /* Main.storyboard in Resources */,
			);
			runOnlyForDeploymentPostprocessing = 0;
		};
/* End PBXResourcesBuildPhase section */

/* Begin PBXSourcesBuildPhase section */
		9BB33AAD22C6D710007B55D1 /* Sources */ = {
			isa = PBXSourcesBuildPhase;
			buildActionMask = 2147483647;
			files = (
				9BB33ACD22C6F0C8007B55D1 /* StudentViewController.swift in Sources */,
				9BB33ACB22C6E111007B55D1 /* LoginViewController.swift in Sources */,
				9BB33AC922C6DC48007B55D1 /* UserViewController.swift in Sources */,
				9BB33AB522C6D710007B55D1 /* AppDelegate.swift in Sources */,
				9BB33AC722C6D75F007B55D1 /* HomeViewController.swift in Sources */,
			);
			runOnlyForDeploymentPostprocessing = 0;
		};
/* End PBXSourcesBuildPhase section */

/* Begin PBXVariantGroup section */
		9BB33AB822C6D710007B55D1 /* Main.storyboard */ = {
			isa = PBXVariantGroup;
			children = (
				9BB33AB922C6D710007B55D1 /* Base */,
			);
			name = Main.storyboard;
			sourceTree = "<group>";
		};
		9BB33ABD22C6D712007B55D1 /* LaunchScreen.storyboard */ = {
			isa = PBXVariantGroup;
			children = (
				9BB33ABE22C6D712007B55D1 /* Base */,
			);
			name = LaunchScreen.storyboard;
			sourceTree = "<group>";
		};
/* End PBXVariantGroup section */

/* Begin XCBuildConfiguration section */
		9BB33AC122C6D712007B55D1 /* Debug */ = {
			isa = XCBuildConfiguration;
			buildSettings = {
				ALWAYS_SEARCH_USER_PATHS = NO;
				CLANG_ANALYZER_NONNULL = YES;
				CLANG_ANALYZER_NUMBER_OBJECT_CONVERSION = YES_AGGRESSIVE;
				CLANG_CXX_LANGUAGE_STANDARD = "gnu++14";
				CLANG_CXX_LIBRARY = "libc++";
				CLANG_ENABLE_MODULES = YES;
				CLANG_ENABLE_OBJC_ARC = YES;
				CLANG_ENABLE_OBJC_WEAK = YES;
				CLANG_WARN_BLOCK_CAPTURE_AUTORELEASING = YES;
				CLANG_WARN_BOOL_CONVERSION = YES;
				CLANG_WARN_COMMA = YES;
				CLANG_WARN_CONSTANT_CONVERSION = YES;
				CLANG_WARN_DEPRECATED_OBJC_IMPLEMENTATIONS = YES;
				CLANG_WARN_DIRECT_OBJC_ISA_USAGE = YES_ERROR;
				CLANG_WARN_DOCUMENTATION_COMMENTS = YES;
				CLANG_WARN_EMPTY_BODY = YES;
				CLANG_WARN_ENUM_CONVERSION = YES;
				CLANG_WARN_INFINITE_RECURSION = YES;
				CLANG_WARN_INT_CONVERSION = YES;
				CLANG_WARN_NON_LITERAL_NULL_CONVERSION = YES;
				CLANG_WARN_OBJC_IMPLICIT_RETAIN_SELF = YES;
				CLANG_WARN_OBJC_LITERAL_CONVERSION = YES;
				CLANG_WARN_OBJC_ROOT_CLASS = YES_ERROR;
				CLANG_WARN_RANGE_LOOP_ANALYSIS = YES;
				CLANG_WARN_STRICT_PROTOTYPES = YES;
				CLANG_WARN_SUSPICIOUS_MOVE = YES;
				CLANG_WARN_UNGUARDED_AVAILABILITY = YES_AGGRESSIVE;
				CLANG_WARN_UNREACHABLE_CODE = YES;
				CLANG_WARN__DUPLICATE_METHOD_MATCH = YES;
				CODE_SIGN_IDENTITY = "iPhone Developer";
				COPY_PHASE_STRIP = NO;
				DEBUG_INFORMATION_FORMAT = dwarf;
				ENABLE_STRICT_OBJC_MSGSEND = YES;
				ENABLE_TESTABILITY = YES;
				GCC_C_LANGUAGE_STANDARD = gnu11;
				GCC_DYNAMIC_NO_PIC = NO;
				GCC_NO_COMMON_BLOCKS = YES;
				GCC_OPTIMIZATION_LEVEL = 0;
				GCC_PREPROCESSOR_DEFINITIONS = (
					"DEBUG=1",
					"$(inherited)",
				);
				GCC_WARN_64_TO_32_BIT_CONVERSION = YES;
				GCC_WARN_ABOUT_RETURN_TYPE = YES_ERROR;
				GCC_WARN_UNDECLARED_SELECTOR = YES;
				GCC_WARN_UNINITIALIZED_AUTOS = YES_AGGRESSIVE;
				GCC_WARN_UNUSED_FUNCTION = YES;
				GCC_WARN_UNUSED_VARIABLE = YES;
				IPHONEOS_DEPLOYMENT_TARGET = 12.2;
				MTL_ENABLE_DEBUG_INFO = INCLUDE_SOURCE;
				MTL_FAST_MATH = YES;
				ONLY_ACTIVE_ARCH = YES;
				SDKROOT = iphoneos;
				SWIFT_ACTIVE_COMPILATION_CONDITIONS = DEBUG;
				SWIFT_OPTIMIZATION_LEVEL = "-Onone";
			};
			name = Debug;
		};
		9BB33AC222C6D712007B55D1 /* Release */ = {
			isa = XCBuildConfiguration;
			buildSettings = {
				ALWAYS_SEARCH_USER_PATHS = NO;
				CLANG_ANALYZER_NONNULL = YES;
				CLANG_ANALYZER_NUMBER_OBJECT_CONVERSION = YES_AGGRESSIVE;
				CLANG_CXX_LANGUAGE_STANDARD = "gnu++14";
				CLANG_CXX_LIBRARY = "libc++";
				CLANG_ENABLE_MODULES = YES;
				CLANG_ENABLE_OBJC_ARC = YES;
				CLANG_ENABLE_OBJC_WEAK = YES;
				CLANG_WARN_BLOCK_CAPTURE_AUTORELEASING = YES;
				CLANG_WARN_BOOL_CONVERSION = YES;
				CLANG_WARN_COMMA = YES;
				CLANG_WARN_CONSTANT_CONVERSION = YES;
				CLANG_WARN_DEPRECATED_OBJC_IMPLEMENTATIONS = YES;
				CLANG_WARN_DIRECT_OBJC_ISA_USAGE = YES_ERROR;
				CLANG_WARN_DOCUMENTATION_COMMENTS = YES;
				CLANG_WARN_EMPTY_BODY = YES;
				CLANG_WARN_ENUM_CONVERSION = YES;
				CLANG_WARN_INFINITE_RECURSION = YES;
				CLANG_WARN_INT_CONVERSION = YES;
				CLANG_WARN_NON_LITERAL_NULL_CONVERSION = YES;
				CLANG_WARN_OBJC_IMPLICIT_RETAIN_SELF = YES;
				CLANG_WARN_OBJC_LITERAL_CONVERSION = YES;
				CLANG_WARN_OBJC_ROOT_CLASS = YES_ERROR;
				CLANG_WARN_RANGE_LOOP_ANALYSIS = YES;
				CLANG_WARN_STRICT_PROTOTYPES = YES;
				CLANG_WARN_SUSPICIOUS_MOVE = YES;
				CLANG_WARN_UNGUARDED_AVAILABILITY = YES_AGGRESSIVE;
				CLANG_WARN_UNREACHABLE_CODE = YES;
				CLANG_WARN__DUPLICATE_METHOD_MATCH = YES;
				CODE_SIGN_IDENTITY = "iPhone Developer";
				COPY_PHASE_STRIP = NO;
				DEBUG_INFORMATION_FORMAT = "dwarf-with-dsym";
				ENABLE_NS_ASSERTIONS = NO;
				ENABLE_STRICT_OBJC_MSGSEND = YES;
				GCC_C_LANGUAGE_STANDARD = gnu11;
				GCC_NO_COMMON_BLOCKS = YES;
				GCC_WARN_64_TO_32_BIT_CONVERSION = YES;
				GCC_WARN_ABOUT_RETURN_TYPE = YES_ERROR;
				GCC_WARN_UNDECLARED_SELECTOR = YES;
				GCC_WARN_UNINITIALIZED_AUTOS = YES_AGGRESSIVE;
				GCC_WARN_UNUSED_FUNCTION = YES;
				GCC_WARN_UNUSED_VARIABLE = YES;
				IPHONEOS_DEPLOYMENT_TARGET = 12.2;
				MTL_ENABLE_DEBUG_INFO = NO;
				MTL_FAST_MATH = YES;
				SDKROOT = iphoneos;
				SWIFT_COMPILATION_MODE = wholemodule;
				SWIFT_OPTIMIZATION_LEVEL = "-O";
				VALIDATE_PRODUCT = YES;
			};
			name = Release;
		};
		9BB33AC422C6D712007B55D1 /* Debug */ = {
			isa = XCBuildConfiguration;
			buildSettings = {
				ASSETCATALOG_COMPILER_APPICON_NAME = AppIcon;
				CODE_SIGN_STYLE = Automatic;
				INFOPLIST_FILE = CelebrityFanIos/Info.plist;
				LD_RUNPATH_SEARCH_PATHS = (
					"$(inherited)",
					"@executable_path/Frameworks",
				);
				PRODUCT_BUNDLE_IDENTIFIER = com.Chiper.CelebrityFanIos;
				PRODUCT_NAME = "$(TARGET_NAME)";
				SWIFT_VERSION = 5.0;
				TARGETED_DEVICE_FAMILY = "1,2";
			};
			name = Debug;
		};
		9BB33AC522C6D712007B55D1 /* Release */ = {
			isa = XCBuildConfiguration;
			buildSettings = {
				ASSETCATALOG_COMPILER_APPICON_NAME = AppIcon;
				CODE_SIGN_STYLE = Automatic;
				INFOPLIST_FILE = CelebrityFanIos/Info.plist;
				LD_RUNPATH_SEARCH_PATHS = (
					"$(inherited)",
					"@executable_path/Frameworks",
				);
				PRODUCT_BUNDLE_IDENTIFIER = com.Chiper.CelebrityFanIos;
				PRODUCT_NAME = "$(TARGET_NAME)";
				SWIFT_VERSION = 5.0;
				TARGETED_DEVICE_FAMILY = "1,2";
			};
			name = Release;
		};
/* End XCBuildConfiguration section */

/* Begin XCConfigurationList section */
		9BB33AAC22C6D710007B55D1 /* Build configuration list for PBXProject "CelebrityFanIos" */ = {
			isa = XCConfigurationList;
			buildConfigurations = (
				9BB33AC122C6D712007B55D1 /* Debug */,
				9BB33AC222C6D712007B55D1 /* Release */,
			);
			defaultConfigurationIsVisible = 0;
			defaultConfigurationName = Release;
		};
		9BB33AC322C6D712007B55D1 /* Build configuration list for PBXNativeTarget "CelebrityFanIos" */ = {
			isa = XCConfigurationList;
			buildConfigurations = (
				9BB33AC422C6D712007B55D1 /* Debug */,
				9BB33AC522C6D712007B55D1 /* Release */,
			);
			defaultConfigurationIsVisible = 0;
			defaultConfigurationName = Release;
		};
/* End XCConfigurationList section */
	};
	rootObject = 9BB33AA922C6D710007B55D1 /* Project object */;
}
